
Microsoft Visual Studio Solution File, Format Version 12.00
Project("{FAE04EC0-301F-11D3-BF4B-00C04F79EFBC}") = "剪切板自动备份", "剪切板自动备份\剪切板自动备份.csproj", "{D76350B0-FC25-4974-85CA-8DA84D5B646D}"
EndProject
Global
	GlobalSection(SolutionConfigurationPlatforms) = preSolution
		Debug|Any CPU = Debug|Any CPU
		Release|Any CPU = Release|Any CPU
	EndGlobalSection
	GlobalSection(ProjectConfigurationPlatforms) = postSolution
		{D76350B0-FC25-4974-85CA-8DA84D5B646D}.Debug|Any CPU.ActiveCfg = Debug|Any CPU
		{D76350B0-FC25-4974-85CA-8DA84D5B646D}.Debug|Any CPU.Build.0 = Debug|Any CPU
		{D76350B0-FC25-4974-85CA-8DA84D5B646D}.Release|Any CPU.ActiveCfg = Release|Any CPU
		{D76350B0-FC25-4974-85CA-8DA84D5B646D}.Release|Any CPU.Build.0 = Release|Any CPU
	EndGlobalSection
EndGlobal
